{
	"name": "eztwitch-cli",
	"version": "1.0.0",
	"lockfileVersion": 2,
	"requires": true,
	"packages": {
		"": {
			"name": "eztwitch-cli",
			"version": "1.0.0",
			"license": "ISC",
			"dependencies": {
				"axios": "^0.24.0",
				"chalk": "^4.1.2",
				"command-line-args": "^5.2.0",
				"fs": "^0.0.1-security",
				"node-json-db": "^1.4.1"
			},
			"bin": {
				"eztwitch": "index.js"
			}
		},
		"node_modules/ansi-styles": {
			"version": "4.3.0",
			"resolved": "https://registry.npmjs.org/ansi-styles/-/ansi-styles-4.3.0.tgz",
			"integrity": "sha512-zbB9rCJAT1rbjiVDb2hqKFHNYLxgtk8NURxZ3IZwD3F6NtxbXZQCnnSi1Lkx+IDohdPlFp222wVALIheZJQSEg==",
			"dependencies": {
				"color-convert": "^2.0.1"
			},
			"engines": {
				"node": ">=8"
			},
			"funding": {
				"url": "https://github.com/chalk/ansi-styles?sponsor=1"
			}
		},
		"node_modules/array-back": {
			"version": "3.1.0",
			"resolved": "https://registry.npmjs.org/array-back/-/array-back-3.1.0.tgz",
			"integrity": "sha512-TkuxA4UCOvxuDK6NZYXCalszEzj+TLszyASooky+i742l9TqsOdYCMJJupxRic61hwquNtppB3hgcuq9SVSH1Q==",
			"engines": {
				"node": ">=6"
			}
		},
		"node_modules/axios": {
			"version": "0.24.0",
			"resolved": "https://registry.npmjs.org/axios/-/axios-0.24.0.tgz",
			"integrity": "sha512-Q6cWsys88HoPgAaFAVUb0WpPk0O8iTeisR9IMqy9G8AbO4NlpVknrnQS03zzF9PGAWgO3cgletO3VjV/P7VztA==",
			"dependencies": {
				"follow-redirects": "^1.14.4"
			}
		},
		"node_modules/chalk": {
			"version": "4.1.2",
			"resolved": "https://registry.npmjs.org/chalk/-/chalk-4.1.2.tgz",
			"integrity": "sha512-oKnbhFyRIXpUuez8iBMmyEa4nbj4IOQyuhc/wy9kY7/WVPcwIO9VA668Pu8RkO7+0G76SLROeyw9CpQ061i4mA==",
			"dependencies": {
				"ansi-styles": "^4.1.0",
				"supports-color": "^7.1.0"
			},
			"engines": {
				"node": ">=10"
			},
			"funding": {
				"url": "https://github.com/chalk/chalk?sponsor=1"
			}
		},
		"node_modules/color-convert": {
			"version": "2.0.1",
			"resolved": "https://registry.npmjs.org/color-convert/-/color-convert-2.0.1.tgz",
			"integrity": "sha512-RRECPsj7iu/xb5oKYcsFHSppFNnsj/52OVTRKb4zP5onXwVF3zVmmToNcOfGC+CRDpfK/U584fMg38ZHCaElKQ==",
			"dependencies": {
				"color-name": "~1.1.4"
			},
			"engines": {
				"node": ">=7.0.0"
			}
		},
		"node_modules/color-name": {
			"version": "1.1.4",
			"resolved": "https://registry.npmjs.org/color-name/-/color-name-1.1.4.tgz",
			"integrity": "sha512-dOy+3AuW3a2wNbZHIuMZpTcgjGuLU/uBL/ubcZF9OXbDo8ff4O8yVp5Bf0efS8uEoYo5q4Fx7dY9OgQGXgAsQA=="
		},
		"node_modules/command-line-args": {
			"version": "5.2.0",
			"resolved": "https://registry.npmjs.org/command-line-args/-/command-line-args-5.2.0.tgz",
			"integrity": "sha512-4zqtU1hYsSJzcJBOcNZIbW5Fbk9BkjCp1pZVhQKoRaWL5J7N4XphDLwo8aWwdQpTugxwu+jf9u2ZhkXiqp5Z6A==",
			"dependencies": {
				"array-back": "^3.1.0",
				"find-replace": "^3.0.0",
				"lodash.camelcase": "^4.3.0",
				"typical": "^4.0.0"
			},
			"engines": {
				"node": ">=4.0.0"
			}
		},
		"node_modules/find-replace": {
			"version": "3.0.0",
			"resolved": "https://registry.npmjs.org/find-replace/-/find-replace-3.0.0.tgz",
			"integrity": "sha512-6Tb2myMioCAgv5kfvP5/PkZZ/ntTpVK39fHY7WkWBgvbeE+VHd/tZuZ4mrC+bxh4cfOZeYKVPaJIZtZXV7GNCQ==",
			"dependencies": {
				"array-back": "^3.0.1"
			},
			"engines": {
				"node": ">=4.0.0"
			}
		},
		"node_modules/follow-redirects": {
			"version": "1.14.7",
			"resolved": "https://registry.npmjs.org/follow-redirects/-/follow-redirects-1.14.7.tgz",
			"integrity": "sha512-+hbxoLbFMbRKDwohX8GkTataGqO6Jb7jGwpAlwgy2bIz25XtRm7KEzJM76R1WiNT5SwZkX4Y75SwBolkpmE7iQ==",
			"funding": [
				{
					"type": "individual",
					"url": "https://github.com/sponsors/RubenVerborgh"
				}
			],
			"engines": {
				"node": ">=4.0"
			},
			"peerDependenciesMeta": {
				"debug": {
					"optional": true
				}
			}
		},
		"node_modules/fs": {
			"version": "0.0.1-security",
			"resolved": "https://registry.npmjs.org/fs/-/fs-0.0.1-security.tgz",
			"integrity": "sha1-invTcYa23d84E/I4WLV+yq9eQdQ="
		},
		"node_modules/has-flag": {
			"version": "4.0.0",
			"resolved": "https://registry.npmjs.org/has-flag/-/has-flag-4.0.0.tgz",
			"integrity": "sha512-EykJT/Q1KjTWctppgIAgfSO0tKVuZUjhgMr17kqTumMl6Afv3EISleU7qZUzoXDFTAHTDC4NOoG/ZxU3EvlMPQ==",
			"engines": {
				"node": ">=8"
			}
		},
		"node_modules/lodash.camelcase": {
			"version": "4.3.0",
			"resolved": "https://registry.npmjs.org/lodash.camelcase/-/lodash.camelcase-4.3.0.tgz",
			"integrity": "sha1-soqmKIorn8ZRA1x3EfZathkDMaY="
		},
		"node_modules/mkdirp": {
			"version": "1.0.4",
			"resolved": "https://registry.npmjs.org/mkdirp/-/mkdirp-1.0.4.tgz",
			"integrity": "sha512-vVqVZQyf3WLx2Shd0qJ9xuvqgAyKPLAiqITEtqW0oIUjzo3PePDd6fW9iFz30ef7Ysp/oiWqbhszeGWW2T6Gzw==",
			"bin": {
				"mkdirp": "bin/cmd.js"
			},
			"engines": {
				"node": ">=10"
			}
		},
		"node_modules/node-json-db": {
			"version": "1.4.1",
			"resolved": "https://registry.npmjs.org/node-json-db/-/node-json-db-1.4.1.tgz",
			"integrity": "sha512-hyfnBtuN3kb88SMmDgVil53Frygx+yYkVi6t10VjpEsPseuMI8+gT+FF37DOcyGCr/1wq6qNIr5PnFimCDlzfA==",
			"dependencies": {
				"mkdirp": "~1.0.4"
			}
		},
		"node_modules/supports-color": {
			"version": "7.2.0",
			"resolved": "https://registry.npmjs.org/supports-color/-/supports-color-7.2.0.tgz",
			"integrity": "sha512-qpCAvRl9stuOHveKsn7HncJRvv501qIacKzQlO/+Lwxc9+0q2wLyv4Dfvt80/DPn2pqOBsJdDiogXGR9+OvwRw==",
			"dependencies": {
				"has-flag": "^4.0.0"
			},
			"engines": {
				"node": ">=8"
			}
		},
		"node_modules/typical": {
			"version": "4.0.0",
			"resolved": "https://registry.npmjs.org/typical/-/typical-4.0.0.tgz",
			"integrity": "sha512-VAH4IvQ7BDFYglMd7BPRDfLgxZZX4O4TFcRDA6EN5X7erNJJq+McIEp8np9aVtxrCJ6qx4GTYVfOWNjcqwZgRw==",
			"engines": {
				"node": ">=8"
			}
		}
	},
	"dependencies": {
		"ansi-styles": {
			"version": "4.3.0",
			"resolved": "https://registry.npmjs.org/ansi-styles/-/ansi-styles-4.3.0.tgz",
			"integrity": "sha512-zbB9rCJAT1rbjiVDb2hqKFHNYLxgtk8NURxZ3IZwD3F6NtxbXZQCnnSi1Lkx+IDohdPlFp222wVALIheZJQSEg==",
			"requires": {
				"color-convert": "^2.0.1"
			}
		},
		"array-back": {
			"version": "3.1.0",
			"resolved": "https://registry.npmjs.org/array-back/-/array-back-3.1.0.tgz",
			"integrity": "sha512-TkuxA4UCOvxuDK6NZYXCalszEzj+TLszyASooky+i742l9TqsOdYCMJJupxRic61hwquNtppB3hgcuq9SVSH1Q=="
		},
		"axios": {
			"version": "0.24.0",
			"resolved": "https://registry.npmjs.org/axios/-/axios-0.24.0.tgz",
			"integrity": "sha512-Q6cWsys88HoPgAaFAVUb0WpPk0O8iTeisR9IMqy9G8AbO4NlpVknrnQS03zzF9PGAWgO3cgletO3VjV/P7VztA==",
			"requires": {
				"follow-redirects": "^1.14.4"
			}
		},
		"chalk": {
			"version": "4.1.2",
			"resolved": "https://registry.npmjs.org/chalk/-/chalk-4.1.2.tgz",
			"integrity": "sha512-oKnbhFyRIXpUuez8iBMmyEa4nbj4IOQyuhc/wy9kY7/WVPcwIO9VA668Pu8RkO7+0G76SLROeyw9CpQ061i4mA==",
			"requires": {
				"ansi-styles": "^4.1.0",
				"supports-color": "^7.1.0"
			}
		},
		"color-convert": {
			"version": "2.0.1",
			"resolved": "https://registry.npmjs.org/color-convert/-/color-convert-2.0.1.tgz",
			"integrity": "sha512-RRECPsj7iu/xb5oKYcsFHSppFNnsj/52OVTRKb4zP5onXwVF3zVmmToNcOfGC+CRDpfK/U584fMg38ZHCaElKQ==",
			"requires": {
				"color-name": "~1.1.4"
			}
		},
		"color-name": {
			"version": "1.1.4",
			"resolved": "https://registry.npmjs.org/color-name/-/color-name-1.1.4.tgz",
			"integrity": "sha512-dOy+3AuW3a2wNbZHIuMZpTcgjGuLU/uBL/ubcZF9OXbDo8ff4O8yVp5Bf0efS8uEoYo5q4Fx7dY9OgQGXgAsQA=="
		},
		"command-line-args": {
			"version": "5.2.0",
			"resolved": "https://registry.npmjs.org/command-line-args/-/command-line-args-5.2.0.tgz",
			"integrity": "sha512-4zqtU1hYsSJzcJBOcNZIbW5Fbk9BkjCp1pZVhQKoRaWL5J7N4XphDLwo8aWwdQpTugxwu+jf9u2ZhkXiqp5Z6A==",
			"requires": {
				"array-back": "^3.1.0",
				"find-replace": "^3.0.0",
				"lodash.camelcase": "^4.3.0",
				"typical": "^4.0.0"
			}
		},
		"find-replace": {
			"version": "3.0.0",
			"resolved": "https://registry.npmjs.org/find-replace/-/find-replace-3.0.0.tgz",
			"integrity": "sha512-6Tb2myMioCAgv5kfvP5/PkZZ/ntTpVK39fHY7WkWBgvbeE+VHd/tZuZ4mrC+bxh4cfOZeYKVPaJIZtZXV7GNCQ==",
			"requires": {
				"array-back": "^3.0.1"
			}
		},
		"follow-redirects": {
			"version": "1.14.7",
			"resolved": "https://registry.npmjs.org/follow-redirects/-/follow-redirects-1.14.7.tgz",
			"integrity": "sha512-+hbxoLbFMbRKDwohX8GkTataGqO6Jb7jGwpAlwgy2bIz25XtRm7KEzJM76R1WiNT5SwZkX4Y75SwBolkpmE7iQ=="
		},
		"fs": {
			"version": "0.0.1-security",
			"resolved": "https://registry.npmjs.org/fs/-/fs-0.0.1-security.tgz",
			"integrity": "sha1-invTcYa23d84E/I4WLV+yq9eQdQ="
		},
		"has-flag": {
			"version": "4.0.0",
			"resolved": "https://registry.npmjs.org/has-flag/-/has-flag-4.0.0.tgz",
			"integrity": "sha512-EykJT/Q1KjTWctppgIAgfSO0tKVuZUjhgMr17kqTumMl6Afv3EISleU7qZUzoXDFTAHTDC4NOoG/ZxU3EvlMPQ=="
		},
		"lodash.camelcase": {
			"version": "4.3.0",
			"resolved": "https://registry.npmjs.org/lodash.camelcase/-/lodash.camelcase-4.3.0.tgz",
			"integrity": "sha1-soqmKIorn8ZRA1x3EfZathkDMaY="
		},
		"mkdirp": {
			"version": "1.0.4",
			"resolved": "https://registry.npmjs.org/mkdirp/-/mkdirp-1.0.4.tgz",
			"integrity": "sha512-vVqVZQyf3WLx2Shd0qJ9xuvqgAyKPLAiqITEtqW0oIUjzo3PePDd6fW9iFz30ef7Ysp/oiWqbhszeGWW2T6Gzw=="
		},
		"node-json-db": {
			"version": "1.4.1",
			"resolved": "https://registry.npmjs.org/node-json-db/-/node-json-db-1.4.1.tgz",
			"integrity": "sha512-hyfnBtuN3kb88SMmDgVil53Frygx+yYkVi6t10VjpEsPseuMI8+gT+FF37DOcyGCr/1wq6qNIr5PnFimCDlzfA==",
			"requires": {
				"mkdirp": "~1.0.4"
			}
		},
		"supports-color": {
			"version": "7.2.0",
			"resolved": "https://registry.npmjs.org/supports-color/-/supports-color-7.2.0.tgz",
			"integrity": "sha512-qpCAvRl9stuOHveKsn7HncJRvv501qIacKzQlO/+Lwxc9+0q2wLyv4Dfvt80/DPn2pqOBsJdDiogXGR9+OvwRw==",
			"requires": {
				"has-flag": "^4.0.0"
			}
		},
		"typical": {
			"version": "4.0.0",
			"resolved": "https://registry.npmjs.org/typical/-/typical-4.0.0.tgz",
			"integrity": "sha512-VAH4IvQ7BDFYglMd7BPRDfLgxZZX4O4TFcRDA6EN5X7erNJJq+McIEp8np9aVtxrCJ6qx4GTYVfOWNjcqwZgRw=="
		}
	}
}
